// !$*UTF8*$!
{
	archiveVersion = 1;
	classes = {
	};
	objectVersion = 46;
	objects = {

/* Begin PBXBuildFile section */
		CA2E438C1D15FA0F00799770 /* LoginViewController.swift in Sources */ = {isa = PBXBuildFile; fileRef = CA2E438B1D15FA0F00799770 /* LoginViewController.swift */; };
		CA3317361D1599640064F80B /* AppDelegate.swift in Sources */ = {isa = PBXBuildFile; fileRef = CA3317351D1599640064F80B /* AppDelegate.swift */; };
		CA33173B1D1599650064F80B /* Main.storyboard in Resources */ = {isa = PBXBuildFile; fileRef = CA3317391D1599650064F80B /* Main.storyboard */; };
		CA33173D1D1599650064F80B /* Assets.xcassets in Resources */ = {isa = PBXBuildFile; fileRef = CA33173C1D1599650064F80B /* Assets.xcassets */; };
		CA3317401D1599650064F80B /* LaunchScreen.storyboard in Resources */ = {isa = PBXBuildFile; fileRef = CA33173E1D1599650064F80B /* LaunchScreen.storyboard */; };
		CA33174B1D1599650064F80B /* TodoAppTests.swift in Sources */ = {isa = PBXBuildFile; fileRef = CA33174A1D1599650064F80B /* TodoAppTests.swift */; };
		CA3317561D1599650064F80B /* TodoAppUITests.swift in Sources */ = {isa = PBXBuildFile; fileRef = CA3317551D1599650064F80B /* TodoAppUITests.swift */; };
/* End PBXBuildFile section */

/* Begin PBXContainerItemProxy section */
		CA3317471D1599650064F80B /* PBXContainerItemProxy */ = {
			isa = PBXContainerItemProxy;
			containerPortal = CA33172A1D1599640064F80B /* Project object */;
			proxyType = 1;
			remoteGlobalIDString = CA3317311D1599640064F80B;
			remoteInfo = TodoApp;
		};
		CA3317521D1599650064F80B /* PBXContainerItemProxy */ = {
			isa = PBXContainerItemProxy;
			containerPortal = CA33172A1D1599640064F80B /* Project object */;
			proxyType = 1;
			remoteGlobalIDString = CA3317311D1599640064F80B;
			remoteInfo = TodoApp;
		};
/* End PBXContainerItemProxy section */

/* Begin PBXFileReference section */
		CA2E438B1D15FA0F00799770 /* LoginViewController.swift */ = {isa = PBXFileReference; fileEncoding = 4; lastKnownFileType = sourcecode.swift; path = LoginViewController.swift; sourceTree = "<group>"; };
		CA3317321D1599640064F80B /* TodoApp.app */ = {isa = PBXFileReference; explicitFileType = wrapper.application; includeInIndex = 0; path = TodoApp.app; sourceTree = BUILT_PRODUCTS_DIR; };
		CA3317351D1599640064F80B /* AppDelegate.swift */ = {isa = PBXFileReference; lastKnownFileType = sourcecode.swift; path = AppDelegate.swift; sourceTree = "<group>"; };
		CA33173A1D1599650064F80B /* Base */ = {isa = PBXFileReference; lastKnownFileType = file.storyboard; name = Base; path = Base.lproj/Main.storyboard; sourceTree = "<group>"; };
		CA33173C1D1599650064F80B /* Assets.xcassets */ = {isa = PBXFileReference; lastKnownFileType = folder.assetcatalog; path = Assets.xcassets; sourceTree = "<group>"; };
		CA33173F1D1599650064F80B /* Base */ = {isa = PBXFileReference; lastKnownFileType = file.storyboard; name = Base; path = Base.lproj/LaunchScreen.storyboard; sourceTree = "<group>"; };
		CA3317411D1599650064F80B /* Info.plist */ = {isa = PBXFileReference; lastKnownFileType = text.plist.xml; path = Info.plist; sourceTree = "<group>"; };
		CA3317461D1599650064F80B /* TodoAppTests.xctest */ = {isa = PBXFileReference; explicitFileType = wrapper.cfbundle; includeInIndex = 0; path = TodoAppTests.xctest; sourceTree = BUILT_PRODUCTS_DIR; };
		CA33174A1D1599650064F80B /* TodoAppTests.swift */ = {isa = PBXFileReference; lastKnownFileType = sourcecode.swift; path = TodoAppTests.swift; sourceTree = "<group>"; };
		CA33174C1D1599650064F80B /* Info.plist */ = {isa = PBXFileReference; lastKnownFileType = text.plist.xml; path = Info.plist; sourceTree = "<group>"; };
		CA3317511D1599650064F80B /* TodoAppUITests.xctest */ = {isa = PBXFileReference; explicitFileType = wrapper.cfbundle; includeInIndex = 0; path = TodoAppUITests.xctest; sourceTree = BUILT_PRODUCTS_DIR; };
		CA3317551D1599650064F80B /* TodoAppUITests.swift */ = {isa = PBXFileReference; lastKnownFileType = sourcecode.swift; path = TodoAppUITests.swift; sourceTree = "<group>"; };
		CA3317571D1599650064F80B /* Info.plist */ = {isa = PBXFileReference; lastKnownFileType = text.plist.xml; path = Info.plist; sourceTree = "<group>"; };
/* End PBXFileReference section */

/* Begin PBXFrameworksBuildPhase section */
		CA33172F1D1599640064F80B /* Frameworks */ = {
			isa = PBXFrameworksBuildPhase;
			buildActionMask = 2147483647;
			files = (
			);
			runOnlyForDeploymentPostprocessing = 0;
		};
		CA3317431D1599650064F80B /* Frameworks */ = {
			isa = PBXFrameworksBuildPhase;
			buildActionMask = 2147483647;
			files = (
			);
			runOnlyForDeploymentPostprocessing = 0;
		};
		CA33174E1D1599650064F80B /* Frameworks */ = {
			isa = PBXFrameworksBuildPhase;
			buildActionMask = 2147483647;
			files = (
			);
			runOnlyForDeploymentPostprocessing = 0;
		};
/* End PBXFrameworksBuildPhase section */

/* Begin PBXGroup section */
		CA3317291D1599640064F80B = {
			isa = PBXGroup;
			children = (
				CA3317341D1599640064F80B /* TodoApp */,
				CA3317491D1599650064F80B /* TodoAppTests */,
				CA3317541D1599650064F80B /* TodoAppUITests */,
				CA3317331D1599640064F80B /* Products */,
			);
			sourceTree = "<group>";
		};
		CA3317331D1599640064F80B /* Products */ = {
			isa = PBXGroup;
			children = (
				CA3317321D1599640064F80B /* TodoApp.app */,
				CA3317461D1599650064F80B /* TodoAppTests.xctest */,
				CA3317511D1599650064F80B /* TodoAppUITests.xctest */,
			);
			name = Products;
			sourceTree = "<group>";
		};
		CA3317341D1599640064F80B /* TodoApp */ = {
			isa = PBXGroup;
			children = (
				CA3317351D1599640064F80B /* AppDelegate.swift */,
				CA3317391D1599650064F80B /* Main.storyboard */,
				CA2E438B1D15FA0F00799770 /* LoginViewController.swift */,
				CA33173C1D1599650064F80B /* Assets.xcassets */,
				CA33173E1D1599650064F80B /* LaunchScreen.storyboard */,
				CA3317411D1599650064F80B /* Info.plist */,
			);
			path = TodoApp;
			sourceTree = "<group>";
		};
		CA3317491D1599650064F80B /* TodoAppTests */ = {
			isa = PBXGroup;
			children = (
				CA33174A1D1599650064F80B /* TodoAppTests.swift */,
				CA33174C1D1599650064F80B /* Info.plist */,
			);
			path = TodoAppTests;
			sourceTree = "<group>";
		};
		CA3317541D1599650064F80B /* TodoAppUITests */ = {
			isa = PBXGroup;
			children = (
				CA3317551D1599650064F80B /* TodoAppUITests.swift */,
				CA3317571D1599650064F80B /* Info.plist */,
			);
			path = TodoAppUITests;
			sourceTree = "<group>";
		};
/* End PBXGroup section */

/* Begin PBXNativeTarget section */
		CA3317311D1599640064F80B /* TodoApp */ = {
			isa = PBXNativeTarget;
			buildConfigurationList = CA33175A1D1599650064F80B /* Build configuration list for PBXNativeTarget "TodoApp" */;
			buildPhases = (
				CA33172E1D1599640064F80B /* Sources */,
				CA33172F1D1599640064F80B /* Frameworks */,
				CA3317301D1599640064F80B /* Resources */,
			);
			buildRules = (
			);
			dependencies = (
			);
			name = TodoApp;
			productName = TodoApp;
			productReference = CA3317321D1599640064F80B /* TodoApp.app */;
			productType = "com.apple.product-type.application";
		};
		CA3317451D1599650064F80B /* TodoAppTests */ = {
			isa = PBXNativeTarget;
			buildConfigurationList = CA33175D1D1599650064F80B /* Build configuration list for PBXNativeTarget "TodoAppTests" */;
			buildPhases = (
				CA3317421D1599650064F80B /* Sources */,
				CA3317431D1599650064F80B /* Frameworks */,
				CA3317441D1599650064F80B /* Resources */,
			);
			buildRules = (
			);
			dependencies = (
				CA3317481D1599650064F80B /* PBXTargetDependency */,
			);
			name = TodoAppTests;
			productName = TodoAppTests;
			productReference = CA3317461D1599650064F80B /* TodoAppTests.xctest */;
			productType = "com.apple.product-type.bundle.unit-test";
		};
		CA3317501D1599650064F80B /* TodoAppUITests */ = {
			isa = PBXNativeTarget;
			buildConfigurationList = CA3317601D1599650064F80B /* Build configuration list for PBXNativeTarget "TodoAppUITests" */;
			buildPhases = (
				CA33174D1D1599650064F80B /* Sources */,
				CA33174E1D1599650064F80B /* Frameworks */,
				CA33174F1D1599650064F80B /* Resources */,
			);
			buildRules = (
			);
			dependencies = (
				CA3317531D1599650064F80B /* PBXTargetDependency */,
			);
			name = TodoAppUITests;
			productName = TodoAppUITests;
			productReference = CA3317511D1599650064F80B /* TodoAppUITests.xctest */;
			productType = "com.apple.product-type.bundle.ui-testing";
		};
/* End PBXNativeTarget section */

/* Begin PBXProject section */
		CA33172A1D1599640064F80B /* Project object */ = {
			isa = PBXProject;
			attributes = {
				LastSwiftUpdateCheck = 0730;
				LastUpgradeCheck = 0730;
				ORGANIZATIONNAME = RBSoftware;
				TargetAttributes = {
					CA3317311D1599640064F80B = {
						CreatedOnToolsVersion = 7.3.1;
					};
					CA3317451D1599650064F80B = {
						CreatedOnToolsVersion = 7.3.1;
						DevelopmentTeam = G3KGQDJHJS;
						TestTargetID = CA3317311D1599640064F80B;
					};
					CA3317501D1599650064F80B = {
						CreatedOnToolsVersion = 7.3.1;
						DevelopmentTeam = G3KGQDJHJS;
						TestTargetID = CA3317311D1599640064F80B;
					};
				};
			};
			buildConfigurationList = CA33172D1D1599640064F80B /* Build configuration list for PBXProject "TodoApp" */;
			compatibilityVersion = "Xcode 3.2";
			developmentRegion = English;
			hasScannedForEncodings = 0;
			knownRegions = (
				en,
				Base,
			);
			mainGroup = CA3317291D1599640064F80B;
			productRefGroup = CA3317331D1599640064F80B /* Products */;
			projectDirPath = "";
			projectRoot = "";
			targets = (
				CA3317311D1599640064F80B /* TodoApp */,
				CA3317451D1599650064F80B /* TodoAppTests */,
				CA3317501D1599650064F80B /* TodoAppUITests */,
			);
		};
/* End PBXProject section */

/* Begin PBXResourcesBuildPhase section */
		CA3317301D1599640064F80B /* Resources */ = {
			isa = PBXResourcesBuildPhase;
			buildActionMask = 2147483647;
			files = (
				CA3317401D1599650064F80B /* LaunchScreen.storyboard in Resources */,
				CA33173D1D1599650064F80B /* Assets.xcassets in Resources */,
				CA33173B1D1599650064F80B /* Main.storyboard in Resources */,
			);
			runOnlyForDeploymentPostprocessing = 0;
		};
		CA3317441D1599650064F80B /* Resources */ = {
			isa = PBXResourcesBuildPhase;
			buildActionMask = 2147483647;
			files = (
			);
			runOnlyForDeploymentPostprocessing = 0;
		};
		CA33174F1D1599650064F80B /* Resources */ = {
			isa = PBXResourcesBuildPhase;
			buildActionMask = 2147483647;
			files = (
			);
			runOnlyForDeploymentPostprocessing = 0;
		};
/* End PBXResourcesBuildPhase section */

/* Begin PBXSourcesBuildPhase section */
		CA33172E1D1599640064F80B /* Sources */ = {
			isa = PBXSourcesBuildPhase;
			buildActionMask = 2147483647;
			files = (
				CA2E438C1D15FA0F00799770 /* LoginViewController.swift in Sources */,
				CA3317361D1599640064F80B /* AppDelegate.swift in Sources */,
			);
			runOnlyForDeploymentPostprocessing = 0;
		};
		CA3317421D1599650064F80B /* Sources */ = {
			isa = PBXSourcesBuildPhase;
			buildActionMask = 2147483647;
			files = (
				CA33174B1D1599650064F80B /* TodoAppTests.swift in Sources */,
			);
			runOnlyForDeploymentPostprocessing = 0;
		};
		CA33174D1D1599650064F80B /* Sources */ = {
			isa = PBXSourcesBuildPhase;
			buildActionMask = 2147483647;
			files = (
				CA3317561D1599650064F80B /* TodoAppUITests.swift in Sources */,
			);
			runOnlyForDeploymentPostprocessing = 0;
		};
/* End PBXSourcesBuildPhase section */

/* Begin PBXTargetDependency section */
		CA3317481D1599650064F80B /* PBXTargetDependency */ = {
			isa = PBXTargetDependency;
			target = CA3317311D1599640064F80B /* TodoApp */;
			targetProxy = CA3317471D1599650064F80B /* PBXContainerItemProxy */;
		};
		CA3317531D1599650064F80B /* PBXTargetDependency */ = {
			isa = PBXTargetDependency;
			target = CA3317311D1599640064F80B /* TodoApp */;
			targetProxy = CA3317521D1599650064F80B /* PBXContainerItemProxy */;
		};
/* End PBXTargetDependency section */

/* Begin PBXVariantGroup section */
		CA3317391D1599650064F80B /* Main.storyboard */ = {
			isa = PBXVariantGroup;
			children = (
				CA33173A1D1599650064F80B /* Base */,
			);
			name = Main.storyboard;
			sourceTree = "<group>";
		};
		CA33173E1D1599650064F80B /* LaunchScreen.storyboard */ = {
			isa = PBXVariantGroup;
			children = (
				CA33173F1D1599650064F80B /* Base */,
			);
			name = LaunchScreen.storyboard;
			sourceTree = "<group>";
		};
/* End PBXVariantGroup section */

/* Begin XCBuildConfiguration section */
		CA3317581D1599650064F80B /* Debug */ = {
			isa = XCBuildConfiguration;
			buildSettings = {
				ALWAYS_SEARCH_USER_PATHS = NO;
				CLANG_ANALYZER_NONNULL = YES;
				CLANG_CXX_LANGUAGE_STANDARD = "gnu++0x";
				CLANG_CXX_LIBRARY = "libc++";
				CLANG_ENABLE_MODULES = YES;
				CLANG_ENABLE_OBJC_ARC = YES;
				CLANG_WARN_BOOL_CONVERSION = YES;
				CLANG_WARN_CONSTANT_CONVERSION = YES;
				CLANG_WARN_DIRECT_OBJC_ISA_USAGE = YES_ERROR;
				CLANG_WARN_EMPTY_BODY = YES;
				CLANG_WARN_ENUM_CONVERSION = YES;
				CLANG_WARN_INT_CONVERSION = YES;
				CLANG_WARN_OBJC_ROOT_CLASS = YES_ERROR;
				CLANG_WARN_UNREACHABLE_CODE = YES;
				CLANG_WARN__DUPLICATE_METHOD_MATCH = YES;
				"CODE_SIGN_IDENTITY[sdk=iphoneos*]" = "iPhone Developer";
				COPY_PHASE_STRIP = NO;
				DEBUG_INFORMATION_FORMAT = dwarf;
				ENABLE_STRICT_OBJC_MSGSEND = YES;
				ENABLE_TESTABILITY = YES;
				GCC_C_LANGUAGE_STANDARD = gnu99;
				GCC_DYNAMIC_NO_PIC = NO;
				GCC_NO_COMMON_BLOCKS = YES;
				GCC_OPTIMIZATION_LEVEL = 0;
				GCC_PREPROCESSOR_DEFINITIONS = (
					"DEBUG=1",
					"$(inherited)",
				);
				GCC_WARN_64_TO_32_BIT_CONVERSION = YES;
				GCC_WARN_ABOUT_RETURN_TYPE = YES_ERROR;
				GCC_WARN_UNDECLARED_SELECTOR = YES;
				GCC_WARN_UNINITIALIZED_AUTOS = YES_AGGRESSIVE;
				GCC_WARN_UNUSED_FUNCTION = YES;
				GCC_WARN_UNUSED_VARIABLE = YES;
				IPHONEOS_DEPLOYMENT_TARGET = 9.3;
				MTL_ENABLE_DEBUG_INFO = YES;
				ONLY_ACTIVE_ARCH = YES;
				SDKROOT = iphoneos;
				SWIFT_OPTIMIZATION_LEVEL = "-Onone";
			};
			name = Debug;
		};
		CA3317591D1599650064F80B /* Release */ = {
			isa = XCBuildConfiguration;
			buildSettings = {
				ALWAYS_SEARCH_USER_PATHS = NO;
				CLANG_ANALYZER_NONNULL = YES;
				CLANG_CXX_LANGUAGE_STANDARD = "gnu++0x";
				CLANG_CXX_LIBRARY = "libc++";
				CLANG_ENABLE_MODULES = YES;
				CLANG_ENABLE_OBJC_ARC = YES;
				CLANG_WARN_BOOL_CONVERSION = YES;
				CLANG_WARN_CONSTANT_CONVERSION = YES;
				CLANG_WARN_DIRECT_OBJC_ISA_USAGE = YES_ERROR;
				CLANG_WARN_EMPTY_BODY = YES;
				CLANG_WARN_ENUM_CONVERSION = YES;
				CLANG_WARN_INT_CONVERSION = YES;
				CLANG_WARN_OBJC_ROOT_CLASS = YES_ERROR;
				CLANG_WARN_UNREACHABLE_CODE = YES;
				CLANG_WARN__DUPLICATE_METHOD_MATCH = YES;
				"CODE_SIGN_IDENTITY[sdk=iphoneos*]" = "iPhone Developer";
				COPY_PHASE_STRIP = NO;
				DEBUG_INFORMATION_FORMAT = "dwarf-with-dsym";
				ENABLE_NS_ASSERTIONS = NO;
				ENABLE_STRICT_OBJC_MSGSEND = YES;
				GCC_C_LANGUAGE_STANDARD = gnu99;
				GCC_NO_COMMON_BLOCKS = YES;
				GCC_WARN_64_TO_32_BIT_CONVERSION = YES;
				GCC_WARN_ABOUT_RETURN_TYPE = YES_ERROR;
				GCC_WARN_UNDECLARED_SELECTOR = YES;
				GCC_WARN_UNINITIALIZED_AUTOS = YES_AGGRESSIVE;
				GCC_WARN_UNUSED_FUNCTION = YES;
				GCC_WARN_UNUSED_VARIABLE = YES;
				IPHONEOS_DEPLOYMENT_TARGET = 9.3;
				MTL_ENABLE_DEBUG_INFO = NO;
				SDKROOT = iphoneos;
				VALIDATE_PRODUCT = YES;
			};
			name = Release;
		};
		CA33175B1D1599650064F80B /* Debug */ = {
			isa = XCBuildConfiguration;
			buildSettings = {
				ASSETCATALOG_COMPILER_APPICON_NAME = "AppIcon-2";
				CODE_SIGN_IDENTITY = "iPhone Developer";
				INFOPLIST_FILE = TodoApp/Info.plist;
				LD_RUNPATH_SEARCH_PATHS = "$(inherited) @executable_path/Frameworks";
				PRODUCT_BUNDLE_IDENTIFIER = RBSoftware.TodoApp;
				PRODUCT_NAME = "$(TARGET_NAME)";
			};
			name = Debug;
		};
		CA33175C1D1599650064F80B /* Release */ = {
			isa = XCBuildConfiguration;
			buildSettings = {
				ASSETCATALOG_COMPILER_APPICON_NAME = "AppIcon-2";
				CODE_SIGN_IDENTITY = "iPhone Developer";
				INFOPLIST_FILE = TodoApp/Info.plist;
				LD_RUNPATH_SEARCH_PATHS = "$(inherited) @executable_path/Frameworks";
				PRODUCT_BUNDLE_IDENTIFIER = RBSoftware.TodoApp;
				PRODUCT_NAME = "$(TARGET_NAME)";
			};
			name = Release;
		};
		CA33175E1D1599650064F80B /* Debug */ = {
			isa = XCBuildConfiguration;
			buildSettings = {
				BUNDLE_LOADER = "$(TEST_HOST)";
				INFOPLIST_FILE = TodoAppTests/Info.plist;
				LD_RUNPATH_SEARCH_PATHS = "$(inherited) @executable_path/Frameworks @loader_path/Frameworks";
				PRODUCT_BUNDLE_IDENTIFIER = RBSoftware.TodoAppTests;
				PRODUCT_NAME = "$(TARGET_NAME)";
				TEST_HOST = "$(BUILT_PRODUCTS_DIR)/TodoApp.app/TodoApp";
			};
			name = Debug;
		};
		CA33175F1D1599650064F80B /* Release */ = {
			isa = XCBuildConfiguration;
			buildSettings = {
				BUNDLE_LOADER = "$(TEST_HOST)";
				INFOPLIST_FILE = TodoAppTests/Info.plist;
				LD_RUNPATH_SEARCH_PATHS = "$(inherited) @executable_path/Frameworks @loader_path/Frameworks";
				PRODUCT_BUNDLE_IDENTIFIER = RBSoftware.TodoAppTests;
				PRODUCT_NAME = "$(TARGET_NAME)";
				TEST_HOST = "$(BUILT_PRODUCTS_DIR)/TodoApp.app/TodoApp";
			};
			name = Release;
		};
		CA3317611D1599650064F80B /* Debug */ = {
			isa = XCBuildConfiguration;
			buildSettings = {
				INFOPLIST_FILE = TodoAppUITests/Info.plist;
				LD_RUNPATH_SEARCH_PATHS = "$(inherited) @executable_path/Frameworks @loader_path/Frameworks";
				PRODUCT_BUNDLE_IDENTIFIER = RBSoftware.TodoAppUITests;
				PRODUCT_NAME = "$(TARGET_NAME)";
				TEST_TARGET_NAME = TodoApp;
			};
			name = Debug;
		};
		CA3317621D1599650064F80B /* Release */ = {
			isa = XCBuildConfiguration;
			buildSettings = {
				INFOPLIST_FILE = TodoAppUITests/Info.plist;
				LD_RUNPATH_SEARCH_PATHS = "$(inherited) @executable_path/Frameworks @loader_path/Frameworks";
				PRODUCT_BUNDLE_IDENTIFIER = RBSoftware.TodoAppUITests;
				PRODUCT_NAME = "$(TARGET_NAME)";
				TEST_TARGET_NAME = TodoApp;
			};
			name = Release;
		};
/* End XCBuildConfiguration section */

/* Begin XCConfigurationList section */
		CA33172D1D1599640064F80B /* Build configuration list for PBXProject "TodoApp" */ = {
			isa = XCConfigurationList;
			buildConfigurations = (
				CA3317581D1599650064F80B /* Debug */,
				CA3317591D1599650064F80B /* Release */,
			);
			defaultConfigurationIsVisible = 0;
			defaultConfigurationName = Release;
		};
		CA33175A1D1599650064F80B /* Build configuration list for PBXNativeTarget "TodoApp" */ = {
			isa = XCConfigurationList;
			buildConfigurations = (
				CA33175B1D1599650064F80B /* Debug */,
				CA33175C1D1599650064F80B /* Release */,
			);
			defaultConfigurationIsVisible = 0;
			defaultConfigurationName = Release;
		};
		CA33175D1D1599650064F80B /* Build configuration list for PBXNativeTarget "TodoAppTests" */ = {
			isa = XCConfigurationList;
			buildConfigurations = (
				CA33175E1D1599650064F80B /* Debug */,
				CA33175F1D1599650064F80B /* Release */,
			);
			defaultConfigurationIsVisible = 0;
			defaultConfigurationName = Release;
		};
		CA3317601D1599650064F80B /* Build configuration list for PBXNativeTarget "TodoAppUITests" */ = {
			isa = XCConfigurationList;
			buildConfigurations = (
				CA3317611D1599650064F80B /* Debug */,
				CA3317621D1599650064F80B /* Release */,
			);
			defaultConfigurationIsVisible = 0;
			defaultConfigurationName = Release;
		};
/* End XCConfigurationList section */
	};
	rootObject = CA33172A1D1599640064F80B /* Project object */;
}
