// !$*UTF8*$!
{
	archiveVersion = 1;
	classes = {
	};
	objectVersion = 46;
	objects = {

/* Begin PBXBuildFile section */
		010F043F01D11BF602769BF8 /* Pods_TodoAppUITests.framework in Frameworks */ = {isa = PBXBuildFile; fileRef = C7F47873E443C4B8031C24AB /* Pods_TodoAppUITests.framework */; };
		30EFFDA07120564B4ED52ABD /* Pods_TodoAppTests.framework in Frameworks */ = {isa = PBXBuildFile; fileRef = CBF02242A41C0CA20DC2D0E7 /* Pods_TodoAppTests.framework */; };
		670BF562F76A0FB3914E7666 /* Pods_TodoApp.framework in Frameworks */ = {isa = PBXBuildFile; fileRef = 93C8E5773AF7EC096422A729 /* Pods_TodoApp.framework */; };
		B8683B9F1D1620FF00001269 /* TodoList.storyboard in Resources */ = {isa = PBXBuildFile; fileRef = B8683B9E1D1620FF00001269 /* TodoList.storyboard */; };
		B8683BA71D162BF300001269 /* TodoTableViewController.swift in Sources */ = {isa = PBXBuildFile; fileRef = B8683BA61D162BF300001269 /* TodoTableViewController.swift */; };
		B8683BA91D16E80000001269 /* TodoModel.swift in Sources */ = {isa = PBXBuildFile; fileRef = B8683BA81D16E80000001269 /* TodoModel.swift */; };
		B8683BAB1D16F0FC00001269 /* TodoTableViewCell.swift in Sources */ = {isa = PBXBuildFile; fileRef = B8683BAA1D16F0FC00001269 /* TodoTableViewCell.swift */; };
		CA2E438C1D15FA0F00799770 /* LoginViewController.swift in Sources */ = {isa = PBXBuildFile; fileRef = CA2E438B1D15FA0F00799770 /* LoginViewController.swift */; };
		CA32B2E01D171EBC00FCD9DA /* TodoAPI.swift in Sources */ = {isa = PBXBuildFile; fileRef = CA32B2DF1D171EBC00FCD9DA /* TodoAPI.swift */; };
		CA32B2E21D173D1A00FCD9DA /* RegisterViewController.swift in Sources */ = {isa = PBXBuildFile; fileRef = CA32B2E11D173D1A00FCD9DA /* RegisterViewController.swift */; };
		CA3317361D1599640064F80B /* AppDelegate.swift in Sources */ = {isa = PBXBuildFile; fileRef = CA3317351D1599640064F80B /* AppDelegate.swift */; };
		CA33173B1D1599650064F80B /* Main.storyboard in Resources */ = {isa = PBXBuildFile; fileRef = CA3317391D1599650064F80B /* Main.storyboard */; };
		CA33173D1D1599650064F80B /* Assets.xcassets in Resources */ = {isa = PBXBuildFile; fileRef = CA33173C1D1599650064F80B /* Assets.xcassets */; };
		CA3317401D1599650064F80B /* LaunchScreen.storyboard in Resources */ = {isa = PBXBuildFile; fileRef = CA33173E1D1599650064F80B /* LaunchScreen.storyboard */; };
		CA33174B1D1599650064F80B /* TodoAppTests.swift in Sources */ = {isa = PBXBuildFile; fileRef = CA33174A1D1599650064F80B /* TodoAppTests.swift */; };
		CA3317561D1599650064F80B /* TodoAppUITests.swift in Sources */ = {isa = PBXBuildFile; fileRef = CA3317551D1599650064F80B /* TodoAppUITests.swift */; };
		CA4EC5941D62A36B00F68572 /* NewTodoPopupView.swift in Sources */ = {isa = PBXBuildFile; fileRef = CA4EC5931D62A36B00F68572 /* NewTodoPopupView.swift */; };
		CAF1A30D1D5BFBA900252C12 /* FontAwesome.otf in Resources */ = {isa = PBXBuildFile; fileRef = CAF1A30B1D5BF96C00252C12 /* FontAwesome.otf */; };
		CAF1A30F1D5D428E00252C12 /* StartupViewController.swift in Sources */ = {isa = PBXBuildFile; fileRef = CAF1A30E1D5D428E00252C12 /* StartupViewController.swift */; };
		CAF1A3111D5D687500252C12 /* MainViewController.swift in Sources */ = {isa = PBXBuildFile; fileRef = CAF1A3101D5D687500252C12 /* MainViewController.swift */; };
/* End PBXBuildFile section */

/* Begin PBXContainerItemProxy section */
		CA3317471D1599650064F80B /* PBXContainerItemProxy */ = {
			isa = PBXContainerItemProxy;
			containerPortal = CA33172A1D1599640064F80B /* Project object */;
			proxyType = 1;
			remoteGlobalIDString = CA3317311D1599640064F80B;
			remoteInfo = TodoApp;
		};
		CA3317521D1599650064F80B /* PBXContainerItemProxy */ = {
			isa = PBXContainerItemProxy;
			containerPortal = CA33172A1D1599640064F80B /* Project object */;
			proxyType = 1;
			remoteGlobalIDString = CA3317311D1599640064F80B;
			remoteInfo = TodoApp;
		};
/* End PBXContainerItemProxy section */

/* Begin PBXFileReference section */
		007635389D367D59BA66E1C4 /* Pods-TodoAppUITests.debug.xcconfig */ = {isa = PBXFileReference; includeInIndex = 1; lastKnownFileType = text.xcconfig; name = "Pods-TodoAppUITests.debug.xcconfig"; path = "Pods/Target Support Files/Pods-TodoAppUITests/Pods-TodoAppUITests.debug.xcconfig"; sourceTree = "<group>"; };
		0D286078FC4B592B5EA8091D /* Pods-TodoAppTests.debug.xcconfig */ = {isa = PBXFileReference; includeInIndex = 1; lastKnownFileType = text.xcconfig; name = "Pods-TodoAppTests.debug.xcconfig"; path = "Pods/Target Support Files/Pods-TodoAppTests/Pods-TodoAppTests.debug.xcconfig"; sourceTree = "<group>"; };
		5314A5DBC3B64D5C46BD467D /* Pods-TodoApp.release.xcconfig */ = {isa = PBXFileReference; includeInIndex = 1; lastKnownFileType = text.xcconfig; name = "Pods-TodoApp.release.xcconfig"; path = "Pods/Target Support Files/Pods-TodoApp/Pods-TodoApp.release.xcconfig"; sourceTree = "<group>"; };
		93C8E5773AF7EC096422A729 /* Pods_TodoApp.framework */ = {isa = PBXFileReference; explicitFileType = wrapper.framework; includeInIndex = 0; path = Pods_TodoApp.framework; sourceTree = BUILT_PRODUCTS_DIR; };
		A9C6E284F9D9CE67E83665AF /* Pods-TodoAppTests.release.xcconfig */ = {isa = PBXFileReference; includeInIndex = 1; lastKnownFileType = text.xcconfig; name = "Pods-TodoAppTests.release.xcconfig"; path = "Pods/Target Support Files/Pods-TodoAppTests/Pods-TodoAppTests.release.xcconfig"; sourceTree = "<group>"; };
		AE647953B4F836AE49D04B90 /* Pods-TodoAppUITests.release.xcconfig */ = {isa = PBXFileReference; includeInIndex = 1; lastKnownFileType = text.xcconfig; name = "Pods-TodoAppUITests.release.xcconfig"; path = "Pods/Target Support Files/Pods-TodoAppUITests/Pods-TodoAppUITests.release.xcconfig"; sourceTree = "<group>"; };
		B8683B9E1D1620FF00001269 /* TodoList.storyboard */ = {isa = PBXFileReference; fileEncoding = 4; lastKnownFileType = file.storyboard; path = TodoList.storyboard; sourceTree = "<group>"; };
		B8683BA61D162BF300001269 /* TodoTableViewController.swift */ = {isa = PBXFileReference; fileEncoding = 4; lastKnownFileType = sourcecode.swift; path = TodoTableViewController.swift; sourceTree = "<group>"; };
		B8683BA81D16E80000001269 /* TodoModel.swift */ = {isa = PBXFileReference; fileEncoding = 4; lastKnownFileType = sourcecode.swift; path = TodoModel.swift; sourceTree = "<group>"; };
		B8683BAA1D16F0FC00001269 /* TodoTableViewCell.swift */ = {isa = PBXFileReference; fileEncoding = 4; lastKnownFileType = sourcecode.swift; path = TodoTableViewCell.swift; sourceTree = "<group>"; };
		C7F47873E443C4B8031C24AB /* Pods_TodoAppUITests.framework */ = {isa = PBXFileReference; explicitFileType = wrapper.framework; includeInIndex = 0; path = Pods_TodoAppUITests.framework; sourceTree = BUILT_PRODUCTS_DIR; };
		CA2E438B1D15FA0F00799770 /* LoginViewController.swift */ = {isa = PBXFileReference; fileEncoding = 4; lastKnownFileType = sourcecode.swift; path = LoginViewController.swift; sourceTree = "<group>"; };
		CA32B2DF1D171EBC00FCD9DA /* TodoAPI.swift */ = {isa = PBXFileReference; fileEncoding = 4; lastKnownFileType = sourcecode.swift; path = TodoAPI.swift; sourceTree = "<group>"; };
		CA32B2E11D173D1A00FCD9DA /* RegisterViewController.swift */ = {isa = PBXFileReference; fileEncoding = 4; lastKnownFileType = sourcecode.swift; path = RegisterViewController.swift; sourceTree = "<group>"; };
		CA3317321D1599640064F80B /* TodoApp.app */ = {isa = PBXFileReference; explicitFileType = wrapper.application; includeInIndex = 0; path = TodoApp.app; sourceTree = BUILT_PRODUCTS_DIR; };
		CA3317351D1599640064F80B /* AppDelegate.swift */ = {isa = PBXFileReference; lastKnownFileType = sourcecode.swift; path = AppDelegate.swift; sourceTree = "<group>"; };
		CA33173A1D1599650064F80B /* Base */ = {isa = PBXFileReference; lastKnownFileType = file.storyboard; name = Base; path = Base.lproj/Main.storyboard; sourceTree = "<group>"; };
		CA33173C1D1599650064F80B /* Assets.xcassets */ = {isa = PBXFileReference; lastKnownFileType = folder.assetcatalog; path = Assets.xcassets; sourceTree = "<group>"; };
		CA33173F1D1599650064F80B /* Base */ = {isa = PBXFileReference; lastKnownFileType = file.storyboard; name = Base; path = Base.lproj/LaunchScreen.storyboard; sourceTree = "<group>"; };
		CA3317411D1599650064F80B /* Info.plist */ = {isa = PBXFileReference; lastKnownFileType = text.plist.xml; path = Info.plist; sourceTree = "<group>"; };
		CA3317461D1599650064F80B /* TodoAppTests.xctest */ = {isa = PBXFileReference; explicitFileType = wrapper.cfbundle; includeInIndex = 0; path = TodoAppTests.xctest; sourceTree = BUILT_PRODUCTS_DIR; };
		CA33174A1D1599650064F80B /* TodoAppTests.swift */ = {isa = PBXFileReference; lastKnownFileType = sourcecode.swift; path = TodoAppTests.swift; sourceTree = "<group>"; };
		CA33174C1D1599650064F80B /* Info.plist */ = {isa = PBXFileReference; lastKnownFileType = text.plist.xml; path = Info.plist; sourceTree = "<group>"; };
		CA3317511D1599650064F80B /* TodoAppUITests.xctest */ = {isa = PBXFileReference; explicitFileType = wrapper.cfbundle; includeInIndex = 0; path = TodoAppUITests.xctest; sourceTree = BUILT_PRODUCTS_DIR; };
		CA3317551D1599650064F80B /* TodoAppUITests.swift */ = {isa = PBXFileReference; lastKnownFileType = sourcecode.swift; path = TodoAppUITests.swift; sourceTree = "<group>"; };
		CA3317571D1599650064F80B /* Info.plist */ = {isa = PBXFileReference; lastKnownFileType = text.plist.xml; path = Info.plist; sourceTree = "<group>"; };
		CA4EC5931D62A36B00F68572 /* NewTodoPopupView.swift */ = {isa = PBXFileReference; fileEncoding = 4; lastKnownFileType = sourcecode.swift; path = NewTodoPopupView.swift; sourceTree = "<group>"; };
		CAF1A30B1D5BF96C00252C12 /* FontAwesome.otf */ = {isa = PBXFileReference; lastKnownFileType = file; path = FontAwesome.otf; sourceTree = "<group>"; };
		CAF1A30E1D5D428E00252C12 /* StartupViewController.swift */ = {isa = PBXFileReference; fileEncoding = 4; lastKnownFileType = sourcecode.swift; path = StartupViewController.swift; sourceTree = "<group>"; };
		CAF1A3101D5D687500252C12 /* MainViewController.swift */ = {isa = PBXFileReference; fileEncoding = 4; lastKnownFileType = sourcecode.swift; path = MainViewController.swift; sourceTree = "<group>"; };
		CBF02242A41C0CA20DC2D0E7 /* Pods_TodoAppTests.framework */ = {isa = PBXFileReference; explicitFileType = wrapper.framework; includeInIndex = 0; path = Pods_TodoAppTests.framework; sourceTree = BUILT_PRODUCTS_DIR; };
		E50F2E5B7F23AE4C22044325 /* Pods-TodoApp.debug.xcconfig */ = {isa = PBXFileReference; includeInIndex = 1; lastKnownFileType = text.xcconfig; name = "Pods-TodoApp.debug.xcconfig"; path = "Pods/Target Support Files/Pods-TodoApp/Pods-TodoApp.debug.xcconfig"; sourceTree = "<group>"; };
/* End PBXFileReference section */

/* Begin PBXFrameworksBuildPhase section */
		CA33172F1D1599640064F80B /* Frameworks */ = {
			isa = PBXFrameworksBuildPhase;
			buildActionMask = 2147483647;
			files = (
				670BF562F76A0FB3914E7666 /* Pods_TodoApp.framework in Frameworks */,
			);
			runOnlyForDeploymentPostprocessing = 0;
		};
		CA3317431D1599650064F80B /* Frameworks */ = {
			isa = PBXFrameworksBuildPhase;
			buildActionMask = 2147483647;
			files = (
				30EFFDA07120564B4ED52ABD /* Pods_TodoAppTests.framework in Frameworks */,
			);
			runOnlyForDeploymentPostprocessing = 0;
		};
		CA33174E1D1599650064F80B /* Frameworks */ = {
			isa = PBXFrameworksBuildPhase;
			buildActionMask = 2147483647;
			files = (
				010F043F01D11BF602769BF8 /* Pods_TodoAppUITests.framework in Frameworks */,
			);
			runOnlyForDeploymentPostprocessing = 0;
		};
/* End PBXFrameworksBuildPhase section */

/* Begin PBXGroup section */
		2D7E153479AFC236EA521F2E /* Frameworks */ = {
			isa = PBXGroup;
			children = (
				93C8E5773AF7EC096422A729 /* Pods_TodoApp.framework */,
				CBF02242A41C0CA20DC2D0E7 /* Pods_TodoAppTests.framework */,
				C7F47873E443C4B8031C24AB /* Pods_TodoAppUITests.framework */,
			);
			name = Frameworks;
			sourceTree = "<group>";
		};
		81221CD4DE1C624ED4467E4E /* Pods */ = {
			isa = PBXGroup;
			children = (
				E50F2E5B7F23AE4C22044325 /* Pods-TodoApp.debug.xcconfig */,
				5314A5DBC3B64D5C46BD467D /* Pods-TodoApp.release.xcconfig */,
				0D286078FC4B592B5EA8091D /* Pods-TodoAppTests.debug.xcconfig */,
				A9C6E284F9D9CE67E83665AF /* Pods-TodoAppTests.release.xcconfig */,
				007635389D367D59BA66E1C4 /* Pods-TodoAppUITests.debug.xcconfig */,
				AE647953B4F836AE49D04B90 /* Pods-TodoAppUITests.release.xcconfig */,
			);
			name = Pods;
			sourceTree = "<group>";
		};
		CA3317291D1599640064F80B = {
			isa = PBXGroup;
			children = (
				CA3317341D1599640064F80B /* TodoApp */,
				CA3317491D1599650064F80B /* TodoAppTests */,
				CA3317541D1599650064F80B /* TodoAppUITests */,
				CA3317331D1599640064F80B /* Products */,
				81221CD4DE1C624ED4467E4E /* Pods */,
				2D7E153479AFC236EA521F2E /* Frameworks */,
			);
			sourceTree = "<group>";
		};
		CA3317331D1599640064F80B /* Products */ = {
			isa = PBXGroup;
			children = (
				CA3317321D1599640064F80B /* TodoApp.app */,
				CA3317461D1599650064F80B /* TodoAppTests.xctest */,
				CA3317511D1599650064F80B /* TodoAppUITests.xctest */,
			);
			name = Products;
			sourceTree = "<group>";
		};
		CA3317341D1599640064F80B /* TodoApp */ = {
			isa = PBXGroup;
			children = (
				CAF1A30A1D5BF90400252C12 /* Fonts */,
				CA3317351D1599640064F80B /* AppDelegate.swift */,
				CA3317411D1599650064F80B /* Info.plist */,
				CA33173E1D1599650064F80B /* LaunchScreen.storyboard */,
				CA3317391D1599650064F80B /* Main.storyboard */,
				B8683B9E1D1620FF00001269 /* TodoList.storyboard */,
				CA32B2E11D173D1A00FCD9DA /* RegisterViewController.swift */,
				CA2E438B1D15FA0F00799770 /* LoginViewController.swift */,
				CAF1A30E1D5D428E00252C12 /* StartupViewController.swift */,
				CA33173C1D1599650064F80B /* Assets.xcassets */,
				B8683BA61D162BF300001269 /* TodoTableViewController.swift */,
				B8683BAA1D16F0FC00001269 /* TodoTableViewCell.swift */,
				B8683BA81D16E80000001269 /* TodoModel.swift */,
				CA32B2DF1D171EBC00FCD9DA /* TodoAPI.swift */,
				CAF1A3101D5D687500252C12 /* MainViewController.swift */,
				CA4EC5931D62A36B00F68572 /* NewTodoPopupView.swift */,
			);
			path = TodoApp;
			sourceTree = "<group>";
		};
		CA3317491D1599650064F80B /* TodoAppTests */ = {
			isa = PBXGroup;
			children = (
				CA33174A1D1599650064F80B /* TodoAppTests.swift */,
				CA33174C1D1599650064F80B /* Info.plist */,
			);
			path = TodoAppTests;
			sourceTree = "<group>";
		};
		CA3317541D1599650064F80B /* TodoAppUITests */ = {
			isa = PBXGroup;
			children = (
				CA3317551D1599650064F80B /* TodoAppUITests.swift */,
				CA3317571D1599650064F80B /* Info.plist */,
			);
			path = TodoAppUITests;
			sourceTree = "<group>";
		};
		CAF1A30A1D5BF90400252C12 /* Fonts */ = {
			isa = PBXGroup;
			children = (
				CAF1A30B1D5BF96C00252C12 /* FontAwesome.otf */,
			);
			name = Fonts;
			sourceTree = "<group>";
		};
/* End PBXGroup section */

/* Begin PBXNativeTarget section */
		CA3317311D1599640064F80B /* TodoApp */ = {
			isa = PBXNativeTarget;
			buildConfigurationList = CA33175A1D1599650064F80B /* Build configuration list for PBXNativeTarget "TodoApp" */;
			buildPhases = (
				C64E94ED66A511C6AE90CF6A /* [CP] Check Pods Manifest.lock */,
				CA33172E1D1599640064F80B /* Sources */,
				CA33172F1D1599640064F80B /* Frameworks */,
				CA3317301D1599640064F80B /* Resources */,
				867C242D01BBF23D4C5B55C0 /* [CP] Embed Pods Frameworks */,
				9EFFF21B83FD8C80F4272366 /* [CP] Copy Pods Resources */,
			);
			buildRules = (
			);
			dependencies = (
			);
			name = TodoApp;
			productName = TodoApp;
			productReference = CA3317321D1599640064F80B /* TodoApp.app */;
			productType = "com.apple.product-type.application";
		};
		CA3317451D1599650064F80B /* TodoAppTests */ = {
			isa = PBXNativeTarget;
			buildConfigurationList = CA33175D1D1599650064F80B /* Build configuration list for PBXNativeTarget "TodoAppTests" */;
			buildPhases = (
				144FDD6587E2EB2FFD0A3629 /* [CP] Check Pods Manifest.lock */,
				CA3317421D1599650064F80B /* Sources */,
				CA3317431D1599650064F80B /* Frameworks */,
				CA3317441D1599650064F80B /* Resources */,
				744A9AE643D96412EECB9AE0 /* [CP] Embed Pods Frameworks */,
				A38EE1916F557A1B959A4E2B /* [CP] Copy Pods Resources */,
			);
			buildRules = (
			);
			dependencies = (
				CA3317481D1599650064F80B /* PBXTargetDependency */,
			);
			name = TodoAppTests;
			productName = TodoAppTests;
			productReference = CA3317461D1599650064F80B /* TodoAppTests.xctest */;
			productType = "com.apple.product-type.bundle.unit-test";
		};
		CA3317501D1599650064F80B /* TodoAppUITests */ = {
			isa = PBXNativeTarget;
			buildConfigurationList = CA3317601D1599650064F80B /* Build configuration list for PBXNativeTarget "TodoAppUITests" */;
			buildPhases = (
				BA4E3A78595C3608018D9F9F /* [CP] Check Pods Manifest.lock */,
				CA33174D1D1599650064F80B /* Sources */,
				CA33174E1D1599650064F80B /* Frameworks */,
				CA33174F1D1599650064F80B /* Resources */,
				448116367B2C429494FD59A3 /* [CP] Copy Pods Resources */,
			);
			buildRules = (
			);
			dependencies = (
				CA3317531D1599650064F80B /* PBXTargetDependency */,
			);
			name = TodoAppUITests;
			productName = TodoAppUITests;
			productReference = CA3317511D1599650064F80B /* TodoAppUITests.xctest */;
			productType = "com.apple.product-type.bundle.ui-testing";
		};
/* End PBXNativeTarget section */

/* Begin PBXProject section */
		CA33172A1D1599640064F80B /* Project object */ = {
			isa = PBXProject;
			attributes = {
				LastSwiftUpdateCheck = 0730;
				LastUpgradeCheck = 0730;
				ORGANIZATIONNAME = RBSoftware;
				TargetAttributes = {
					CA3317311D1599640064F80B = {
						CreatedOnToolsVersion = 7.3.1;
						DevelopmentTeam = R2BSM46C49;
					};
					CA3317451D1599650064F80B = {
						CreatedOnToolsVersion = 7.3.1;
						DevelopmentTeam = G3KGQDJHJS;
						TestTargetID = CA3317311D1599640064F80B;
					};
					CA3317501D1599650064F80B = {
						CreatedOnToolsVersion = 7.3.1;
						DevelopmentTeam = G3KGQDJHJS;
						TestTargetID = CA3317311D1599640064F80B;
					};
				};
			};
			buildConfigurationList = CA33172D1D1599640064F80B /* Build configuration list for PBXProject "TodoApp" */;
			compatibilityVersion = "Xcode 3.2";
			developmentRegion = English;
			hasScannedForEncodings = 0;
			knownRegions = (
				en,
				Base,
			);
			mainGroup = CA3317291D1599640064F80B;
			productRefGroup = CA3317331D1599640064F80B /* Products */;
			projectDirPath = "";
			projectRoot = "";
			targets = (
				CA3317311D1599640064F80B /* TodoApp */,
				CA3317451D1599650064F80B /* TodoAppTests */,
				CA3317501D1599650064F80B /* TodoAppUITests */,
			);
		};
/* End PBXProject section */

/* Begin PBXResourcesBuildPhase section */
		CA3317301D1599640064F80B /* Resources */ = {
			isa = PBXResourcesBuildPhase;
			buildActionMask = 2147483647;
			files = (
				CAF1A30D1D5BFBA900252C12 /* FontAwesome.otf in Resources */,
				B8683B9F1D1620FF00001269 /* TodoList.storyboard in Resources */,
				CA3317401D1599650064F80B /* LaunchScreen.storyboard in Resources */,
				CA33173D1D1599650064F80B /* Assets.xcassets in Resources */,
				CA33173B1D1599650064F80B /* Main.storyboard in Resources */,
			);
			runOnlyForDeploymentPostprocessing = 0;
		};
		CA3317441D1599650064F80B /* Resources */ = {
			isa = PBXResourcesBuildPhase;
			buildActionMask = 2147483647;
			files = (
			);
			runOnlyForDeploymentPostprocessing = 0;
		};
		CA33174F1D1599650064F80B /* Resources */ = {
			isa = PBXResourcesBuildPhase;
			buildActionMask = 2147483647;
			files = (
			);
			runOnlyForDeploymentPostprocessing = 0;
		};
/* End PBXResourcesBuildPhase section */

/* Begin PBXShellScriptBuildPhase section */
		144FDD6587E2EB2FFD0A3629 /* [CP] Check Pods Manifest.lock */ = {
			isa = PBXShellScriptBuildPhase;
			buildActionMask = 2147483647;
			files = (
			);
			inputPaths = (
			);
			name = "[CP] Check Pods Manifest.lock";
			outputPaths = (
			);
			runOnlyForDeploymentPostprocessing = 0;
			shellPath = /bin/sh;
			shellScript = "diff \"${PODS_ROOT}/../Podfile.lock\" \"${PODS_ROOT}/Manifest.lock\" > /dev/null\nif [[ $? != 0 ]] ; then\n    cat << EOM\nerror: The sandbox is not in sync with the Podfile.lock. Run 'pod install' or update your CocoaPods installation.\nEOM\n    exit 1\nfi\n";
			showEnvVarsInLog = 0;
		};
		448116367B2C429494FD59A3 /* [CP] Copy Pods Resources */ = {
			isa = PBXShellScriptBuildPhase;
			buildActionMask = 2147483647;
			files = (
			);
			inputPaths = (
			);
			name = "[CP] Copy Pods Resources";
			outputPaths = (
			);
			runOnlyForDeploymentPostprocessing = 0;
			shellPath = /bin/sh;
			shellScript = "\"${SRCROOT}/Pods/Target Support Files/Pods-TodoAppUITests/Pods-TodoAppUITests-resources.sh\"\n";
			showEnvVarsInLog = 0;
		};
		744A9AE643D96412EECB9AE0 /* [CP] Embed Pods Frameworks */ = {
			isa = PBXShellScriptBuildPhase;
			buildActionMask = 2147483647;
			files = (
			);
			inputPaths = (
			);
			name = "[CP] Embed Pods Frameworks";
			outputPaths = (
			);
			runOnlyForDeploymentPostprocessing = 0;
			shellPath = /bin/sh;
			shellScript = "\"${SRCROOT}/Pods/Target Support Files/Pods-TodoAppTests/Pods-TodoAppTests-frameworks.sh\"\n";
			showEnvVarsInLog = 0;
		};
		867C242D01BBF23D4C5B55C0 /* [CP] Embed Pods Frameworks */ = {
			isa = PBXShellScriptBuildPhase;
			buildActionMask = 2147483647;
			files = (
			);
			inputPaths = (
			);
			name = "[CP] Embed Pods Frameworks";
			outputPaths = (
			);
			runOnlyForDeploymentPostprocessing = 0;
			shellPath = /bin/sh;
			shellScript = "\"${SRCROOT}/Pods/Target Support Files/Pods-TodoApp/Pods-TodoApp-frameworks.sh\"\n";
			showEnvVarsInLog = 0;
		};
		9EFFF21B83FD8C80F4272366 /* [CP] Copy Pods Resources */ = {
			isa = PBXShellScriptBuildPhase;
			buildActionMask = 2147483647;
			files = (
			);
			inputPaths = (
			);
			name = "[CP] Copy Pods Resources";
			outputPaths = (
			);
			runOnlyForDeploymentPostprocessing = 0;
			shellPath = /bin/sh;
			shellScript = "\"${SRCROOT}/Pods/Target Support Files/Pods-TodoApp/Pods-TodoApp-resources.sh\"\n";
			showEnvVarsInLog = 0;
		};
		A38EE1916F557A1B959A4E2B /* [CP] Copy Pods Resources */ = {
			isa = PBXShellScriptBuildPhase;
			buildActionMask = 2147483647;
			files = (
			);
			inputPaths = (
			);
			name = "[CP] Copy Pods Resources";
			outputPaths = (
			);
			runOnlyForDeploymentPostprocessing = 0;
			shellPath = /bin/sh;
			shellScript = "\"${SRCROOT}/Pods/Target Support Files/Pods-TodoAppTests/Pods-TodoAppTests-resources.sh\"\n";
			showEnvVarsInLog = 0;
		};
		BA4E3A78595C3608018D9F9F /* [CP] Check Pods Manifest.lock */ = {
			isa = PBXShellScriptBuildPhase;
			buildActionMask = 2147483647;
			files = (
			);
			inputPaths = (
			);
			name = "[CP] Check Pods Manifest.lock";
			outputPaths = (
			);
			runOnlyForDeploymentPostprocessing = 0;
			shellPath = /bin/sh;
			shellScript = "diff \"${PODS_ROOT}/../Podfile.lock\" \"${PODS_ROOT}/Manifest.lock\" > /dev/null\nif [[ $? != 0 ]] ; then\n    cat << EOM\nerror: The sandbox is not in sync with the Podfile.lock. Run 'pod install' or update your CocoaPods installation.\nEOM\n    exit 1\nfi\n";
			showEnvVarsInLog = 0;
		};
		C64E94ED66A511C6AE90CF6A /* [CP] Check Pods Manifest.lock */ = {
			isa = PBXShellScriptBuildPhase;
			buildActionMask = 2147483647;
			files = (
			);
			inputPaths = (
			);
			name = "[CP] Check Pods Manifest.lock";
			outputPaths = (
			);
			runOnlyForDeploymentPostprocessing = 0;
			shellPath = /bin/sh;
			shellScript = "diff \"${PODS_ROOT}/../Podfile.lock\" \"${PODS_ROOT}/Manifest.lock\" > /dev/null\nif [[ $? != 0 ]] ; then\n    cat << EOM\nerror: The sandbox is not in sync with the Podfile.lock. Run 'pod install' or update your CocoaPods installation.\nEOM\n    exit 1\nfi\n";
			showEnvVarsInLog = 0;
		};
/* End PBXShellScriptBuildPhase section */

/* Begin PBXSourcesBuildPhase section */
		CA33172E1D1599640064F80B /* Sources */ = {
			isa = PBXSourcesBuildPhase;
			buildActionMask = 2147483647;
			files = (
				CAF1A30F1D5D428E00252C12 /* StartupViewController.swift in Sources */,
				CA32B2E01D171EBC00FCD9DA /* TodoAPI.swift in Sources */,
				CA2E438C1D15FA0F00799770 /* LoginViewController.swift in Sources */,
				CA32B2E21D173D1A00FCD9DA /* RegisterViewController.swift in Sources */,
				B8683BA71D162BF300001269 /* TodoTableViewController.swift in Sources */,
				CA3317361D1599640064F80B /* AppDelegate.swift in Sources */,
				CA4EC5941D62A36B00F68572 /* NewTodoPopupView.swift in Sources */,
				B8683BAB1D16F0FC00001269 /* TodoTableViewCell.swift in Sources */,
				B8683BA91D16E80000001269 /* TodoModel.swift in Sources */,
				CAF1A3111D5D687500252C12 /* MainViewController.swift in Sources */,
			);
			runOnlyForDeploymentPostprocessing = 0;
		};
		CA3317421D1599650064F80B /* Sources */ = {
			isa = PBXSourcesBuildPhase;
			buildActionMask = 2147483647;
			files = (
				CA33174B1D1599650064F80B /* TodoAppTests.swift in Sources */,
			);
			runOnlyForDeploymentPostprocessing = 0;
		};
		CA33174D1D1599650064F80B /* Sources */ = {
			isa = PBXSourcesBuildPhase;
			buildActionMask = 2147483647;
			files = (
				CA3317561D1599650064F80B /* TodoAppUITests.swift in Sources */,
			);
			runOnlyForDeploymentPostprocessing = 0;
		};
/* End PBXSourcesBuildPhase section */

/* Begin PBXTargetDependency section */
		CA3317481D1599650064F80B /* PBXTargetDependency */ = {
			isa = PBXTargetDependency;
			target = CA3317311D1599640064F80B /* TodoApp */;
			targetProxy = CA3317471D1599650064F80B /* PBXContainerItemProxy */;
		};
		CA3317531D1599650064F80B /* PBXTargetDependency */ = {
			isa = PBXTargetDependency;
			target = CA3317311D1599640064F80B /* TodoApp */;
			targetProxy = CA3317521D1599650064F80B /* PBXContainerItemProxy */;
		};
/* End PBXTargetDependency section */

/* Begin PBXVariantGroup section */
		CA3317391D1599650064F80B /* Main.storyboard */ = {
			isa = PBXVariantGroup;
			children = (
				CA33173A1D1599650064F80B /* Base */,
			);
			name = Main.storyboard;
			sourceTree = "<group>";
		};
		CA33173E1D1599650064F80B /* LaunchScreen.storyboard */ = {
			isa = PBXVariantGroup;
			children = (
				CA33173F1D1599650064F80B /* Base */,
			);
			name = LaunchScreen.storyboard;
			sourceTree = "<group>";
		};
/* End PBXVariantGroup section */

/* Begin XCBuildConfiguration section */
		CA3317581D1599650064F80B /* Debug */ = {
			isa = XCBuildConfiguration;
			buildSettings = {
				ALWAYS_SEARCH_USER_PATHS = NO;
				CLANG_ANALYZER_NONNULL = YES;
				CLANG_CXX_LANGUAGE_STANDARD = "gnu++0x";
				CLANG_CXX_LIBRARY = "libc++";
				CLANG_ENABLE_MODULES = YES;
				CLANG_ENABLE_OBJC_ARC = YES;
				CLANG_WARN_BOOL_CONVERSION = YES;
				CLANG_WARN_CONSTANT_CONVERSION = YES;
				CLANG_WARN_DIRECT_OBJC_ISA_USAGE = YES_ERROR;
				CLANG_WARN_EMPTY_BODY = YES;
				CLANG_WARN_ENUM_CONVERSION = YES;
				CLANG_WARN_INT_CONVERSION = YES;
				CLANG_WARN_OBJC_ROOT_CLASS = YES_ERROR;
				CLANG_WARN_UNREACHABLE_CODE = YES;
				CLANG_WARN__DUPLICATE_METHOD_MATCH = YES;
				"CODE_SIGN_IDENTITY[sdk=iphoneos*]" = "iPhone Developer";
				COPY_PHASE_STRIP = NO;
				DEBUG_INFORMATION_FORMAT = dwarf;
				ENABLE_STRICT_OBJC_MSGSEND = YES;
				ENABLE_TESTABILITY = YES;
				GCC_C_LANGUAGE_STANDARD = gnu99;
				GCC_DYNAMIC_NO_PIC = NO;
				GCC_NO_COMMON_BLOCKS = YES;
				GCC_OPTIMIZATION_LEVEL = 0;
				GCC_PREPROCESSOR_DEFINITIONS = (
					"DEBUG=1",
					"$(inherited)",
				);
				GCC_WARN_64_TO_32_BIT_CONVERSION = YES;
				GCC_WARN_ABOUT_RETURN_TYPE = YES_ERROR;
				GCC_WARN_UNDECLARED_SELECTOR = YES;
				GCC_WARN_UNINITIALIZED_AUTOS = YES_AGGRESSIVE;
				GCC_WARN_UNUSED_FUNCTION = YES;
				GCC_WARN_UNUSED_VARIABLE = YES;
				IPHONEOS_DEPLOYMENT_TARGET = 9.3;
				MTL_ENABLE_DEBUG_INFO = YES;
				ONLY_ACTIVE_ARCH = YES;
				SDKROOT = iphoneos;
				SWIFT_OPTIMIZATION_LEVEL = "-Onone";
			};
			name = Debug;
		};
		CA3317591D1599650064F80B /* Release */ = {
			isa = XCBuildConfiguration;
			buildSettings = {
				ALWAYS_SEARCH_USER_PATHS = NO;
				CLANG_ANALYZER_NONNULL = YES;
				CLANG_CXX_LANGUAGE_STANDARD = "gnu++0x";
				CLANG_CXX_LIBRARY = "libc++";
				CLANG_ENABLE_MODULES = YES;
				CLANG_ENABLE_OBJC_ARC = YES;
				CLANG_WARN_BOOL_CONVERSION = YES;
				CLANG_WARN_CONSTANT_CONVERSION = YES;
				CLANG_WARN_DIRECT_OBJC_ISA_USAGE = YES_ERROR;
				CLANG_WARN_EMPTY_BODY = YES;
				CLANG_WARN_ENUM_CONVERSION = YES;
				CLANG_WARN_INT_CONVERSION = YES;
				CLANG_WARN_OBJC_ROOT_CLASS = YES_ERROR;
				CLANG_WARN_UNREACHABLE_CODE = YES;
				CLANG_WARN__DUPLICATE_METHOD_MATCH = YES;
				"CODE_SIGN_IDENTITY[sdk=iphoneos*]" = "iPhone Developer";
				COPY_PHASE_STRIP = NO;
				DEBUG_INFORMATION_FORMAT = "dwarf-with-dsym";
				ENABLE_NS_ASSERTIONS = NO;
				ENABLE_STRICT_OBJC_MSGSEND = YES;
				GCC_C_LANGUAGE_STANDARD = gnu99;
				GCC_NO_COMMON_BLOCKS = YES;
				GCC_WARN_64_TO_32_BIT_CONVERSION = YES;
				GCC_WARN_ABOUT_RETURN_TYPE = YES_ERROR;
				GCC_WARN_UNDECLARED_SELECTOR = YES;
				GCC_WARN_UNINITIALIZED_AUTOS = YES_AGGRESSIVE;
				GCC_WARN_UNUSED_FUNCTION = YES;
				GCC_WARN_UNUSED_VARIABLE = YES;
				IPHONEOS_DEPLOYMENT_TARGET = 9.3;
				MTL_ENABLE_DEBUG_INFO = NO;
				SDKROOT = iphoneos;
				VALIDATE_PRODUCT = YES;
			};
			name = Release;
		};
		CA33175B1D1599650064F80B /* Debug */ = {
			isa = XCBuildConfiguration;
			baseConfigurationReference = E50F2E5B7F23AE4C22044325 /* Pods-TodoApp.debug.xcconfig */;
			buildSettings = {
				ASSETCATALOG_COMPILER_APPICON_NAME = "AppIcon-2";
				CODE_SIGN_IDENTITY = "iPhone Developer";
				"CODE_SIGN_IDENTITY[sdk=iphoneos*]" = "iPhone Developer";
				ENABLE_BITCODE = NO;
				INFOPLIST_FILE = TodoApp/Info.plist;
				LD_RUNPATH_SEARCH_PATHS = "$(inherited) @executable_path/Frameworks";
				PRODUCT_BUNDLE_IDENTIFIER = RBSoftware.TodoApp;
				PRODUCT_NAME = "$(TARGET_NAME)";
				PROVISIONING_PROFILE = "";
			};
			name = Debug;
		};
		CA33175C1D1599650064F80B /* Release */ = {
			isa = XCBuildConfiguration;
			baseConfigurationReference = 5314A5DBC3B64D5C46BD467D /* Pods-TodoApp.release.xcconfig */;
			buildSettings = {
				ASSETCATALOG_COMPILER_APPICON_NAME = "AppIcon-2";
				CODE_SIGN_IDENTITY = "iPhone Developer";
				"CODE_SIGN_IDENTITY[sdk=iphoneos*]" = "iPhone Developer";
				ENABLE_BITCODE = NO;
				INFOPLIST_FILE = TodoApp/Info.plist;
				LD_RUNPATH_SEARCH_PATHS = "$(inherited) @executable_path/Frameworks";
				PRODUCT_BUNDLE_IDENTIFIER = RBSoftware.TodoApp;
				PRODUCT_NAME = "$(TARGET_NAME)";
				PROVISIONING_PROFILE = "";
			};
			name = Release;
		};
		CA33175E1D1599650064F80B /* Debug */ = {
			isa = XCBuildConfiguration;
			baseConfigurationReference = 0D286078FC4B592B5EA8091D /* Pods-TodoAppTests.debug.xcconfig */;
			buildSettings = {
				BUNDLE_LOADER = "$(TEST_HOST)";
				INFOPLIST_FILE = TodoAppTests/Info.plist;
				LD_RUNPATH_SEARCH_PATHS = "$(inherited) @executable_path/Frameworks @loader_path/Frameworks";
				PRODUCT_BUNDLE_IDENTIFIER = RBSoftware.TodoAppTests;
				PRODUCT_NAME = "$(TARGET_NAME)";
				TEST_HOST = "$(BUILT_PRODUCTS_DIR)/TodoApp.app/TodoApp";
			};
			name = Debug;
		};
		CA33175F1D1599650064F80B /* Release */ = {
			isa = XCBuildConfiguration;
			baseConfigurationReference = A9C6E284F9D9CE67E83665AF /* Pods-TodoAppTests.release.xcconfig */;
			buildSettings = {
				BUNDLE_LOADER = "$(TEST_HOST)";
				INFOPLIST_FILE = TodoAppTests/Info.plist;
				LD_RUNPATH_SEARCH_PATHS = "$(inherited) @executable_path/Frameworks @loader_path/Frameworks";
				PRODUCT_BUNDLE_IDENTIFIER = RBSoftware.TodoAppTests;
				PRODUCT_NAME = "$(TARGET_NAME)";
				TEST_HOST = "$(BUILT_PRODUCTS_DIR)/TodoApp.app/TodoApp";
			};
			name = Release;
		};
		CA3317611D1599650064F80B /* Debug */ = {
			isa = XCBuildConfiguration;
			baseConfigurationReference = 007635389D367D59BA66E1C4 /* Pods-TodoAppUITests.debug.xcconfig */;
			buildSettings = {
				INFOPLIST_FILE = TodoAppUITests/Info.plist;
				LD_RUNPATH_SEARCH_PATHS = "$(inherited) @executable_path/Frameworks @loader_path/Frameworks";
				PRODUCT_BUNDLE_IDENTIFIER = RBSoftware.TodoAppUITests;
				PRODUCT_NAME = "$(TARGET_NAME)";
				TEST_TARGET_NAME = TodoApp;
			};
			name = Debug;
		};
		CA3317621D1599650064F80B /* Release */ = {
			isa = XCBuildConfiguration;
			baseConfigurationReference = AE647953B4F836AE49D04B90 /* Pods-TodoAppUITests.release.xcconfig */;
			buildSettings = {
				INFOPLIST_FILE = TodoAppUITests/Info.plist;
				LD_RUNPATH_SEARCH_PATHS = "$(inherited) @executable_path/Frameworks @loader_path/Frameworks";
				PRODUCT_BUNDLE_IDENTIFIER = RBSoftware.TodoAppUITests;
				PRODUCT_NAME = "$(TARGET_NAME)";
				TEST_TARGET_NAME = TodoApp;
			};
			name = Release;
		};
/* End XCBuildConfiguration section */

/* Begin XCConfigurationList section */
		CA33172D1D1599640064F80B /* Build configuration list for PBXProject "TodoApp" */ = {
			isa = XCConfigurationList;
			buildConfigurations = (
				CA3317581D1599650064F80B /* Debug */,
				CA3317591D1599650064F80B /* Release */,
			);
			defaultConfigurationIsVisible = 0;
			defaultConfigurationName = Release;
		};
		CA33175A1D1599650064F80B /* Build configuration list for PBXNativeTarget "TodoApp" */ = {
			isa = XCConfigurationList;
			buildConfigurations = (
				CA33175B1D1599650064F80B /* Debug */,
				CA33175C1D1599650064F80B /* Release */,
			);
			defaultConfigurationIsVisible = 0;
			defaultConfigurationName = Release;
		};
		CA33175D1D1599650064F80B /* Build configuration list for PBXNativeTarget "TodoAppTests" */ = {
			isa = XCConfigurationList;
			buildConfigurations = (
				CA33175E1D1599650064F80B /* Debug */,
				CA33175F1D1599650064F80B /* Release */,
			);
			defaultConfigurationIsVisible = 0;
			defaultConfigurationName = Release;
		};
		CA3317601D1599650064F80B /* Build configuration list for PBXNativeTarget "TodoAppUITests" */ = {
			isa = XCConfigurationList;
			buildConfigurations = (
				CA3317611D1599650064F80B /* Debug */,
				CA3317621D1599650064F80B /* Release */,
			);
			defaultConfigurationIsVisible = 0;
			defaultConfigurationName = Release;
		};
/* End XCConfigurationList section */
	};
	rootObject = CA33172A1D1599640064F80B /* Project object */;
}
